
Microsoft Visual Studio Solution File, Format Version 12.00
# Visual Studio Version 17
VisualStudioVersion = 17.10.35027.167
MinimumVisualStudioVersion = 10.0.40219.1
Project("{FAE04EC0-301F-11D3-BF4B-00C04F79EFBC}") = "Ev tapsirigi", "Ev tapsirigi\Ev tapsirigi.csproj", "{0BBE2B7F-6CCC-4C52-A9A6-DAE1DE9CE9F0}"
EndProject
Global
	GlobalSection(SolutionConfigurationPlatforms) = preSolution
		Debug|Any CPU = Debug|Any CPU
		Release|Any CPU = Release|Any CPU
	EndGlobalSection
	GlobalSection(ProjectConfigurationPlatforms) = postSolution
		{0BBE2B7F-6CCC-4C52-A9A6-DAE1DE9CE9F0}.Debug|Any CPU.ActiveCfg = Debug|Any CPU
		{0BBE2B7F-6CCC-4C52-A9A6-DAE1DE9CE9F0}.Debug|Any CPU.Build.0 = Debug|Any CPU
		{0BBE2B7F-6CCC-4C52-A9A6-DAE1DE9CE9F0}.Release|Any CPU.ActiveCfg = Release|Any CPU
		{0BBE2B7F-6CCC-4C52-A9A6-DAE1DE9CE9F0}.Release|Any CPU.Build.0 = Release|Any CPU
	EndGlobalSection
	GlobalSection(SolutionProperties) = preSolution
		HideSolutionNode = FALSE
	EndGlobalSection
	GlobalSection(ExtensibilityGlobals) = postSolution
		SolutionGuid = {2E8812B6-9C47-49AE-B23E-1573EB54A723}
	EndGlobalSection
EndGlobal
